
Microsoft Visual Studio Solution File, Format Version 12.00
# Visual Studio Version 17
VisualStudioVersion = 17.0.31903.59
MinimumVisualStudioVersion = 10.0.40219.1
Project("{FAE04EC0-301F-11D3-BF4B-00C04F79EFBC}") = "Bomberman.Server", "Server\Bomberman.Server.csproj", "{0FF64694-76DD-4BE5-A163-8D620CA7B6D4}"
EndProject
Project("{FAE04EC0-301F-11D3-BF4B-00C04F79EFBC}") = "Bomberman.Client", "Client\Bomberman.Client.csproj", "{1A0A208A-72E8-470D-97A3-35816CE357A0}"
EndProject
Global
	GlobalSection(SolutionConfigurationPlatforms) = preSolution
		Debug|Any CPU = Debug|Any CPU
		Release|Any CPU = Release|Any CPU
	EndGlobalSection
	GlobalSection(SolutionProperties) = preSolution
		HideSolutionNode = FALSE
	EndGlobalSection
	GlobalSection(ProjectConfigurationPlatforms) = postSolution
		{0FF64694-76DD-4BE5-A163-8D620CA7B6D4}.Debug|Any CPU.ActiveCfg = Debug|Any CPU
		{0FF64694-76DD-4BE5-A163-8D620CA7B6D4}.Debug|Any CPU.Build.0 = Debug|Any CPU
		{0FF64694-76DD-4BE5-A163-8D620CA7B6D4}.Release|Any CPU.ActiveCfg = Release|Any CPU
		{0FF64694-76DD-4BE5-A163-8D620CA7B6D4}.Release|Any CPU.Build.0 = Release|Any CPU
		{1A0A208A-72E8-470D-97A3-35816CE357A0}.Debug|Any CPU.ActiveCfg = Debug|Any CPU
		{1A0A208A-72E8-470D-97A3-35816CE357A0}.Debug|Any CPU.Build.0 = Debug|Any CPU
		{1A0A208A-72E8-470D-97A3-35816CE357A0}.Release|Any CPU.ActiveCfg = Release|Any CPU
		{1A0A208A-72E8-470D-97A3-35816CE357A0}.Release|Any CPU.Build.0 = Release|Any CPU
	EndGlobalSection
EndGlobal
